
Microsoft Visual Studio Solution File, Format Version 12.00
Project("{FAE04EC0-301F-11D3-BF4B-00C04F79EFBC}") = "Frontend", "Frontend\Frontend.csproj", "{30D456D6-7151-421A-B4E3-6FBCC7A3AF42}"
EndProject
Global
	GlobalSection(SolutionConfigurationPlatforms) = preSolution
		Debug|Any CPU = Debug|Any CPU
		Release|Any CPU = Release|Any CPU
	EndGlobalSection
	GlobalSection(ProjectConfigurationPlatforms) = postSolution
		{30D456D6-7151-421A-B4E3-6FBCC7A3AF42}.Debug|Any CPU.ActiveCfg = Debug|Any CPU
		{30D456D6-7151-421A-B4E3-6FBCC7A3AF42}.Debug|Any CPU.Build.0 = Debug|Any CPU
		{30D456D6-7151-421A-B4E3-6FBCC7A3AF42}.Release|Any CPU.ActiveCfg = Release|Any CPU
		{30D456D6-7151-421A-B4E3-6FBCC7A3AF42}.Release|Any CPU.Build.0 = Release|Any CPU
	EndGlobalSection
EndGlobal
